
Microsoft Visual Studio Solution File, Format Version 12.00
# Visual Studio 14
VisualStudioVersion = 14.0.25420.1
MinimumVisualStudioVersion = 10.0.40219.1
Project("{FAE04EC0-301F-11D3-BF4B-00C04F79EFBC}") = "Lab1task1", "Lab1task1\Lab1task1.csproj", "{F82F582C-5693-4BBA-9F1D-4C960F17A40B}"
EndProject
Project("{FAE04EC0-301F-11D3-BF4B-00C04F79EFBC}") = "Lab1task2", "Lab1task2\Lab1task2.csproj", "{BF25011A-F2CD-4D33-9823-98C0AFB25429}"
EndProject
Project("{FAE04EC0-301F-11D3-BF4B-00C04F79EFBC}") = "Lab2task1", "Lab2task1\Lab2task1.csproj", "{10122612-94BD-4C01-A60E-B64FC8764E0F}"
EndProject
Project("{FAE04EC0-301F-11D3-BF4B-00C04F79EFBC}") = "Lab2task2", "Lab2task2\Lab2task2.csproj", "{2440216B-7F49-43AD-AAE3-6EA7FDBC3EA4}"
EndProject
Project("{FAE04EC0-301F-11D3-BF4B-00C04F79EFBC}") = "Lab2task3", "Lab2task3\Lab2task3.csproj", "{5201FE44-7C07-47D7-8BC3-23999B893226}"
EndProject
Project("{FAE04EC0-301F-11D3-BF4B-00C04F79EFBC}") = "Lab2task4", "Lab2task4\Lab2task4.csproj", "{2E66414E-6D57-4C51-8165-F88C4CA5E507}"
EndProject
Project("{FAE04EC0-301F-11D3-BF4B-00C04F79EFBC}") = "Lab2task5", "Lab2task5\Lab2task5.csproj", "{B67630D3-35C6-4B94-80C5-7C2D9A26C1FD}"
EndProject
Project("{FAE04EC0-301F-11D3-BF4B-00C04F79EFBC}") = "Lab3task1", "Lab3task1\Lab3task1.csproj", "{3670AEE7-FD75-4C6C-ADB3-E931E92D0983}"
EndProject
Project("{FAE04EC0-301F-11D3-BF4B-00C04F79EFBC}") = "Lab3task2", "Lab3task2\Lab3task2.csproj", "{565DE8C8-F88C-4FDC-8F1A-14CEAB633476}"
EndProject
Project("{FAE04EC0-301F-11D3-BF4B-00C04F79EFBC}") = "Lab4task1", "Lab4task1\Lab4task1.csproj", "{ACF81954-E4C7-476E-9C5C-536D58971600}"
EndProject
Project("{FAE04EC0-301F-11D3-BF4B-00C04F79EFBC}") = "Lab4task2", "Lab4task2\Lab4task2.csproj", "{EC907FA8-EEB3-4CFF-9F19-B9BEA02DE498}"
EndProject
Project("{FAE04EC0-301F-11D3-BF4B-00C04F79EFBC}") = "Lab4task3", "Lab4task3\Lab4task3.csproj", "{0A25F821-749A-4A21-B53F-DC689CFD734B}"
EndProject
Project("{FAE04EC0-301F-11D3-BF4B-00C04F79EFBC}") = "Lab4task4", "Lab4task4\Lab4task4.csproj", "{50CF82DF-DB98-4942-BE5F-8CB2EBA66F4E}"
EndProject
Project("{FAE04EC0-301F-11D3-BF4B-00C04F79EFBC}") = "TestLab", "TestLab\TestLab.csproj", "{4B6395E0-16C9-4086-8A32-F2ACD1D183E5}"
EndProject
Project("{FAE04EC0-301F-11D3-BF4B-00C04F79EFBC}") = "Lab6task1", "Lab6task1\Lab6task1.csproj", "{721D01B1-05F4-4CBD-BA3B-0A93A9B421BB}"
EndProject
Project("{FAE04EC0-301F-11D3-BF4B-00C04F79EFBC}") = "Lab5task1", "Lab5task1\Lab5task1.csproj", "{7AAA4402-36A2-4116-A403-FD66A738E3BF}"
EndProject
Project("{FAE04EC0-301F-11D3-BF4B-00C04F79EFBC}") = "Lab6task2", "Lab6task2\Lab6task2.csproj", "{1BCFB40D-A582-4B1C-83F2-A3F1ADCFB79D}"
EndProject
Project("{FAE04EC0-301F-11D3-BF4B-00C04F79EFBC}") = "Lab6task3", "Lab6task3\Lab6task3.csproj", "{675695E8-F681-4FE8-9B9F-88AFE4B82EAE}"
EndProject
Project("{FAE04EC0-301F-11D3-BF4B-00C04F79EFBC}") = "FluffyChampion", "FluffyChampion\FluffyChampion.csproj", "{201D0989-A9B3-48F2-A987-011AC17EF82A}"
EndProject
Project("{FAE04EC0-301F-11D3-BF4B-00C04F79EFBC}") = "Lab7", "LabX\Lab7.csproj", "{18B0028A-8CE3-420C-A450-9E81924CA730}"
EndProject
Global
	GlobalSection(SolutionConfigurationPlatforms) = preSolution
		Debug|Any CPU = Debug|Any CPU
		Release|Any CPU = Release|Any CPU
	EndGlobalSection
	GlobalSection(ProjectConfigurationPlatforms) = postSolution
		{F82F582C-5693-4BBA-9F1D-4C960F17A40B}.Debug|Any CPU.ActiveCfg = Debug|Any CPU
		{F82F582C-5693-4BBA-9F1D-4C960F17A40B}.Debug|Any CPU.Build.0 = Debug|Any CPU
		{F82F582C-5693-4BBA-9F1D-4C960F17A40B}.Release|Any CPU.ActiveCfg = Release|Any CPU
		{F82F582C-5693-4BBA-9F1D-4C960F17A40B}.Release|Any CPU.Build.0 = Release|Any CPU
		{BF25011A-F2CD-4D33-9823-98C0AFB25429}.Debug|Any CPU.ActiveCfg = Debug|Any CPU
		{BF25011A-F2CD-4D33-9823-98C0AFB25429}.Debug|Any CPU.Build.0 = Debug|Any CPU
		{BF25011A-F2CD-4D33-9823-98C0AFB25429}.Release|Any CPU.ActiveCfg = Release|Any CPU
		{BF25011A-F2CD-4D33-9823-98C0AFB25429}.Release|Any CPU.Build.0 = Release|Any CPU
		{10122612-94BD-4C01-A60E-B64FC8764E0F}.Debug|Any CPU.ActiveCfg = Debug|Any CPU
		{10122612-94BD-4C01-A60E-B64FC8764E0F}.Debug|Any CPU.Build.0 = Debug|Any CPU
		{10122612-94BD-4C01-A60E-B64FC8764E0F}.Release|Any CPU.ActiveCfg = Release|Any CPU
		{10122612-94BD-4C01-A60E-B64FC8764E0F}.Release|Any CPU.Build.0 = Release|Any CPU
		{2440216B-7F49-43AD-AAE3-6EA7FDBC3EA4}.Debug|Any CPU.ActiveCfg = Debug|Any CPU
		{2440216B-7F49-43AD-AAE3-6EA7FDBC3EA4}.Debug|Any CPU.Build.0 = Debug|Any CPU
		{2440216B-7F49-43AD-AAE3-6EA7FDBC3EA4}.Release|Any CPU.ActiveCfg = Release|Any CPU
		{2440216B-7F49-43AD-AAE3-6EA7FDBC3EA4}.Release|Any CPU.Build.0 = Release|Any CPU
		{5201FE44-7C07-47D7-8BC3-23999B893226}.Debug|Any CPU.ActiveCfg = Debug|Any CPU
		{5201FE44-7C07-47D7-8BC3-23999B893226}.Debug|Any CPU.Build.0 = Debug|Any CPU
		{5201FE44-7C07-47D7-8BC3-23999B893226}.Release|Any CPU.ActiveCfg = Release|Any CPU
		{5201FE44-7C07-47D7-8BC3-23999B893226}.Release|Any CPU.Build.0 = Release|Any CPU
		{2E66414E-6D57-4C51-8165-F88C4CA5E507}.Debug|Any CPU.ActiveCfg = Debug|Any CPU
		{2E66414E-6D57-4C51-8165-F88C4CA5E507}.Debug|Any CPU.Build.0 = Debug|Any CPU
		{2E66414E-6D57-4C51-8165-F88C4CA5E507}.Release|Any CPU.ActiveCfg = Release|Any CPU
		{2E66414E-6D57-4C51-8165-F88C4CA5E507}.Release|Any CPU.Build.0 = Release|Any CPU
		{B67630D3-35C6-4B94-80C5-7C2D9A26C1FD}.Debug|Any CPU.ActiveCfg = Debug|Any CPU
		{B67630D3-35C6-4B94-80C5-7C2D9A26C1FD}.Debug|Any CPU.Build.0 = Debug|Any CPU
		{B67630D3-35C6-4B94-80C5-7C2D9A26C1FD}.Release|Any CPU.ActiveCfg = Release|Any CPU
		{B67630D3-35C6-4B94-80C5-7C2D9A26C1FD}.Release|Any CPU.Build.0 = Release|Any CPU
		{3670AEE7-FD75-4C6C-ADB3-E931E92D0983}.Debug|Any CPU.ActiveCfg = Debug|Any CPU
		{3670AEE7-FD75-4C6C-ADB3-E931E92D0983}.Debug|Any CPU.Build.0 = Debug|Any CPU
		{3670AEE7-FD75-4C6C-ADB3-E931E92D0983}.Release|Any CPU.ActiveCfg = Release|Any CPU
		{3670AEE7-FD75-4C6C-ADB3-E931E92D0983}.Release|Any CPU.Build.0 = Release|Any CPU
		{565DE8C8-F88C-4FDC-8F1A-14CEAB633476}.Debug|Any CPU.ActiveCfg = Debug|Any CPU
		{565DE8C8-F88C-4FDC-8F1A-14CEAB633476}.Debug|Any CPU.Build.0 = Debug|Any CPU
		{565DE8C8-F88C-4FDC-8F1A-14CEAB633476}.Release|Any CPU.ActiveCfg = Release|Any CPU
		{565DE8C8-F88C-4FDC-8F1A-14CEAB633476}.Release|Any CPU.Build.0 = Release|Any CPU
		{ACF81954-E4C7-476E-9C5C-536D58971600}.Debug|Any CPU.ActiveCfg = Debug|Any CPU
		{ACF81954-E4C7-476E-9C5C-536D58971600}.Debug|Any CPU.Build.0 = Debug|Any CPU
		{ACF81954-E4C7-476E-9C5C-536D58971600}.Release|Any CPU.ActiveCfg = Release|Any CPU
		{ACF81954-E4C7-476E-9C5C-536D58971600}.Release|Any CPU.Build.0 = Release|Any CPU
		{EC907FA8-EEB3-4CFF-9F19-B9BEA02DE498}.Debug|Any CPU.ActiveCfg = Debug|Any CPU
		{EC907FA8-EEB3-4CFF-9F19-B9BEA02DE498}.Debug|Any CPU.Build.0 = Debug|Any CPU
		{EC907FA8-EEB3-4CFF-9F19-B9BEA02DE498}.Release|Any CPU.ActiveCfg = Release|Any CPU
		{EC907FA8-EEB3-4CFF-9F19-B9BEA02DE498}.Release|Any CPU.Build.0 = Release|Any CPU
		{0A25F821-749A-4A21-B53F-DC689CFD734B}.Debug|Any CPU.ActiveCfg = Debug|Any CPU
		{0A25F821-749A-4A21-B53F-DC689CFD734B}.Debug|Any CPU.Build.0 = Debug|Any CPU
		{0A25F821-749A-4A21-B53F-DC689CFD734B}.Release|Any CPU.ActiveCfg = Release|Any CPU
		{0A25F821-749A-4A21-B53F-DC689CFD734B}.Release|Any CPU.Build.0 = Release|Any CPU
		{50CF82DF-DB98-4942-BE5F-8CB2EBA66F4E}.Debug|Any CPU.ActiveCfg = Debug|Any CPU
		{50CF82DF-DB98-4942-BE5F-8CB2EBA66F4E}.Debug|Any CPU.Build.0 = Debug|Any CPU
		{50CF82DF-DB98-4942-BE5F-8CB2EBA66F4E}.Release|Any CPU.ActiveCfg = Release|Any CPU
		{50CF82DF-DB98-4942-BE5F-8CB2EBA66F4E}.Release|Any CPU.Build.0 = Release|Any CPU
		{4B6395E0-16C9-4086-8A32-F2ACD1D183E5}.Debug|Any CPU.ActiveCfg = Debug|Any CPU
		{4B6395E0-16C9-4086-8A32-F2ACD1D183E5}.Debug|Any CPU.Build.0 = Debug|Any CPU
		{4B6395E0-16C9-4086-8A32-F2ACD1D183E5}.Release|Any CPU.ActiveCfg = Release|Any CPU
		{4B6395E0-16C9-4086-8A32-F2ACD1D183E5}.Release|Any CPU.Build.0 = Release|Any CPU
		{721D01B1-05F4-4CBD-BA3B-0A93A9B421BB}.Debug|Any CPU.ActiveCfg = Debug|Any CPU
		{721D01B1-05F4-4CBD-BA3B-0A93A9B421BB}.Debug|Any CPU.Build.0 = Debug|Any CPU
		{721D01B1-05F4-4CBD-BA3B-0A93A9B421BB}.Release|Any CPU.ActiveCfg = Release|Any CPU
		{721D01B1-05F4-4CBD-BA3B-0A93A9B421BB}.Release|Any CPU.Build.0 = Release|Any CPU
		{7AAA4402-36A2-4116-A403-FD66A738E3BF}.Debug|Any CPU.ActiveCfg = Debug|Any CPU
		{7AAA4402-36A2-4116-A403-FD66A738E3BF}.Debug|Any CPU.Build.0 = Debug|Any CPU
		{7AAA4402-36A2-4116-A403-FD66A738E3BF}.Release|Any CPU.ActiveCfg = Release|Any CPU
		{7AAA4402-36A2-4116-A403-FD66A738E3BF}.Release|Any CPU.Build.0 = Release|Any CPU
		{1BCFB40D-A582-4B1C-83F2-A3F1ADCFB79D}.Debug|Any CPU.ActiveCfg = Debug|Any CPU
		{1BCFB40D-A582-4B1C-83F2-A3F1ADCFB79D}.Debug|Any CPU.Build.0 = Debug|Any CPU
		{1BCFB40D-A582-4B1C-83F2-A3F1ADCFB79D}.Release|Any CPU.ActiveCfg = Release|Any CPU
		{1BCFB40D-A582-4B1C-83F2-A3F1ADCFB79D}.Release|Any CPU.Build.0 = Release|Any CPU
		{675695E8-F681-4FE8-9B9F-88AFE4B82EAE}.Debug|Any CPU.ActiveCfg = Debug|Any CPU
		{675695E8-F681-4FE8-9B9F-88AFE4B82EAE}.Debug|Any CPU.Build.0 = Debug|Any CPU
		{675695E8-F681-4FE8-9B9F-88AFE4B82EAE}.Release|Any CPU.ActiveCfg = Release|Any CPU
		{675695E8-F681-4FE8-9B9F-88AFE4B82EAE}.Release|Any CPU.Build.0 = Release|Any CPU
		{201D0989-A9B3-48F2-A987-011AC17EF82A}.Debug|Any CPU.ActiveCfg = Debug|Any CPU
		{201D0989-A9B3-48F2-A987-011AC17EF82A}.Debug|Any CPU.Build.0 = Debug|Any CPU
		{201D0989-A9B3-48F2-A987-011AC17EF82A}.Release|Any CPU.ActiveCfg = Release|Any CPU
		{201D0989-A9B3-48F2-A987-011AC17EF82A}.Release|Any CPU.Build.0 = Release|Any CPU
		{18B0028A-8CE3-420C-A450-9E81924CA730}.Debug|Any CPU.ActiveCfg = Debug|Any CPU
		{18B0028A-8CE3-420C-A450-9E81924CA730}.Debug|Any CPU.Build.0 = Debug|Any CPU
		{18B0028A-8CE3-420C-A450-9E81924CA730}.Release|Any CPU.ActiveCfg = Release|Any CPU
		{18B0028A-8CE3-420C-A450-9E81924CA730}.Release|Any CPU.Build.0 = Release|Any CPU
	EndGlobalSection
	GlobalSection(SolutionProperties) = preSolution
		HideSolutionNode = FALSE
	EndGlobalSection
EndGlobal
